{
  "name": "multi-brand-auth-validation",
  "version": "2.0.0",
  "lockfileVersion": 3,
  "requires": true,
  "packages": {
    "": {
      "name": "multi-brand-auth-validation",
      "version": "2.0.0",
      "license": "MIT",
      "dependencies": {
        "tough-cookie": "^4.1.3"
      },
      "engines": {
        "node": ">=18.0.0"
      }
    },
    "apps/admin-app": {
      "name": "@quiz/realtutorialhub-admin",
      "version": "0.1.0",
      "extraneous": true,
      "dependencies": {
        "@quiz/api-client": "^0.1.0",
        "clsx": "^2.1.1",
        "lucide-react": "^0.563.0",
        "next": "^16.1.4",
        "react": "^19.0.0",
        "react-dom": "^19.0.0",
        "tailwind-merge": "^3.4.0",
        "zustand": "^5.0.10"
      },
      "devDependencies": {
        "@types/node": "^20",
        "@types/react": "^19.0.0",
        "@types/react-dom": "^19.0.0",
        "eslint": "^9",
        "eslint-config-next": "15.1.0",
        "postcss": "^8",
        "tailwindcss": "^3.4.1",
        "typescript": "^5"
      },
      "engines": {
        "node": "20.x"
      }
    },
    "apps/api-server": {
      "name": "@quiz/api-server",
      "version": "0.1.1",
      "extraneous": true,
      "dependencies": {
        "@aws-sdk/client-s3": "^3.995.0",
        "@aws-sdk/s3-request-presigner": "^3.995.0",
        "@neondatabase/serverless": "^0.10.4",
        "@opentelemetry/api": "^1.9.0",
        "@quiz/api-client": "workspace:*",
        "@quiz/auth": "workspace:*",
        "@quiz/db": "workspace:*",
        "@quiz/db-people": "workspace:*",
        "@quiz/db-rth": "workspace:*",
        "@quiz/db-skillup": "workspace:*",
        "@quiz/db-tutorial": "workspace:*",
        "@quiz/identity-bridge": "workspace:*",
        "@quiz/observability": "workspace:*",
        "@quiz/types": "workspace:*",
        "@quiz/ui": "workspace:*",
        "@radix-ui/react-alert-dialog": "^1.1.15",
        "@sentry/nextjs": "^10.40.0",
        "@sparticuz/chromium": "^143.0.4",
        "@types/bcryptjs": "^3.0.0",
        "@types/jsonwebtoken": "^9.0.8",
        "@types/node": "^22",
        "@types/react": "^19.0.0",
        "@types/react-dom": "^19.0.0",
        "@upstash/qstash": "^2.9.1",
        "@upstash/redis": "^1.36.2",
        "@upstash/vector": "^1.2.2",
        "@upstash/workflow": "^1.1.1",
        "@vercel/analytics": "^1.6.1",
        "@vercel/blob": "^2.3.0",
        "autoprefixer": "^10.4.23",
        "bcryptjs": "^3.0.3",
        "clsx": "^2.1.1",
        "cookie": "^1.0.2",
        "cross-env": "^7.0.3",
        "date-fns": "^4.1.0",
        "drizzle-orm": "^0.45.1",
        "eslint": "^8.57.0",
        "eslint-config-next": "15.2.0",
        "jose": "^6.1.3",
        "jsonwebtoken": "^9.0.2",
        "jszip": "^3.10.1",
        "lru-cache": "^11.2.5",
        "lucide-react": "^0.474.0",
        "next": "16.1.6",
        "pdf-lib": "^1.17.1",
        "pino": "^10.3.1",
        "pino-http": "^11.0.0",
        "pino-pretty": "^13.1.3",
        "postcss": "^8",
        "puppeteer-core": "^24.37.5",
        "react": "19.2.4",
        "react-dom": "19.2.4",
        "resend": "^6.8.0",
        "tailwind-merge": "^3.4.0",
        "tailwindcss": "^3.4.1",
        "typescript": "^5",
        "zod": "^3.24.1",
        "zustand": "^5.0.0"
      },
      "devDependencies": {
        "@types/jszip": "^3.4.1",
        "@vitest/coverage-v8": "^4.0.18",
        "vite-tsconfig-paths": "^6.1.1",
        "vitest": "^4.0.18"
      },
      "engines": {
        "node": "20.x"
      }
    },
    "apps/web-app": {
      "name": "@quiz/realtutorialhub-quiz",
      "version": "0.1.0",
      "extraneous": true,
      "dependencies": {
        "@quiz/api-client": "^0.1.0",
        "clsx": "^2.1.1",
        "lucide-react": "^0.563.0",
        "next": "^16.1.4",
        "react": "^19.0.0",
        "react-dom": "^19.0.0",
        "tailwind-merge": "^3.4.0",
        "zustand": "^5.0.10"
      },
      "devDependencies": {
        "@types/node": "^20",
        "@types/react": "^19.0.0",
        "@types/react-dom": "^19.0.0",
        "autoprefixer": "^10.4.23",
        "eslint": "^9",
        "eslint-config-next": "15.1.0",
        "postcss": "^8",
        "tailwindcss": "^3.4.1",
        "typescript": "^5"
      },
      "engines": {
        "node": "20.x"
      }
    },
    "node_modules/psl": {
      "version": "1.15.0",
      "resolved": "https://registry.npmjs.org/psl/-/psl-1.15.0.tgz",
      "integrity": "sha512-JZd3gMVBAVQkSs6HdNZo9Sdo0LNcQeMNP3CozBJb3JYC/QUYZTnKxP+f8oWRX4rHP5EurWxqAHTSwUCjlNKa1w==",
      "license": "MIT",
      "dependencies": {
        "punycode": "^2.3.1"
      },
      "funding": {
        "url": "https://github.com/sponsors/lupomontero"
      }
    },
    "node_modules/punycode": {
      "version": "2.3.1",
      "resolved": "https://registry.npmjs.org/punycode/-/punycode-2.3.1.tgz",
      "integrity": "sha512-vYt7UD1U9Wg6138shLtLOvdAu+8DsC/ilFtEVHcH+wydcSpNE20AfSOduf6MkRFahL5FY7X1oU7nKVZFtfq8Fg==",
      "license": "MIT",
      "engines": {
        "node": ">=6"
      }
    },
    "node_modules/querystringify": {
      "version": "2.2.0",
      "resolved": "https://registry.npmjs.org/querystringify/-/querystringify-2.2.0.tgz",
      "integrity": "sha512-FIqgj2EUvTa7R50u0rGsyTftzjYmv/a3hO345bZNrqabNqjtgiDMgmo4mkUjd+nzU5oF3dClKqFIPUKybUyqoQ==",
      "license": "MIT"
    },
    "node_modules/requires-port": {
      "version": "1.0.0",
      "resolved": "https://registry.npmjs.org/requires-port/-/requires-port-1.0.0.tgz",
      "integrity": "sha512-KigOCHcocU3XODJxsu8i/j8T9tzT4adHiecwORRQ0ZZFcp7ahwXuRU1m+yuO90C5ZUyGeGfocHDI14M3L3yDAQ==",
      "license": "MIT"
    },
    "node_modules/tough-cookie": {
      "version": "4.1.4",
      "resolved": "https://registry.npmjs.org/tough-cookie/-/tough-cookie-4.1.4.tgz",
      "integrity": "sha512-Loo5UUvLD9ScZ6jh8beX1T6sO1w2/MpCRpEP7V280GKMVUQ0Jzar2U3UJPsrdbziLEMMhu3Ujnq//rhiFuIeag==",
      "license": "BSD-3-Clause",
      "dependencies": {
        "psl": "^1.1.33",
        "punycode": "^2.1.1",
        "universalify": "^0.2.0",
        "url-parse": "^1.5.3"
      },
      "engines": {
        "node": ">=6"
      }
    },
    "node_modules/universalify": {
      "version": "0.2.0",
      "resolved": "https://registry.npmjs.org/universalify/-/universalify-0.2.0.tgz",
      "integrity": "sha512-CJ1QgKmNg3CwvAv/kOFmtnEN05f0D/cn9QntgNOQlQF9dgvVTHj3t+8JPdjqawCHk7V/KA+fbUqzZ9XWhcqPUg==",
      "license": "MIT",
      "engines": {
        "node": ">= 4.0.0"
      }
    },
    "node_modules/url-parse": {
      "version": "1.5.10",
      "resolved": "https://registry.npmjs.org/url-parse/-/url-parse-1.5.10.tgz",
      "integrity": "sha512-WypcfiRhfeUP9vvF0j6rw0J3hrWrw6iZv3+22h6iRMJ/8z1Tj6XfLP4DsUix5MhMPnXpiHDoKyoZ/bdCkwBCiQ==",
      "license": "MIT",
      "dependencies": {
        "querystringify": "^2.1.1",
        "requires-port": "^1.0.0"
      }
    },
    "packages/api-client": {
      "name": "@quiz/api-client",
      "version": "0.1.0",
      "extraneous": true,
      "dependencies": {
        "typescript": "^5"
      },
      "devDependencies": {
        "@vitest/coverage-v8": "^4.0.18",
        "vitest": "^4.0.18"
      }
    },
    "packages/db": {
      "name": "@quiz/db",
      "version": "0.1.0",
      "extraneous": true,
      "dependencies": {
        "@neondatabase/serverless": "^0.10.4",
        "@types/pg": "^8.16.0",
        "bcryptjs": "^3.0.3",
        "dotenv": "^17.2.3",
        "drizzle-orm": "^0.45.1",
        "pg": "^8.18.0",
        "zod": "^3.24.1"
      },
      "devDependencies": {
        "@vitest/coverage-v8": "^4.0.18",
        "drizzle-kit": "^0.31.8",
        "vitest": "^4.0.18"
      }
    }
  }
}
